
Microsoft Visual Studio Solution File, Format Version 12.00
# Visual Studio Version 16
VisualStudioVersion = 16.0.33214.272
MinimumVisualStudioVersion = 10.0.40219.1
Project("{FAE04EC0-301F-11D3-BF4B-00C04F79EFBC}") = "pract 14", "pract 14\pract 14.csproj", "{B6FE9A28-7829-439E-A25B-421DFFBAE958}"
EndProject
Global
	GlobalSection(SolutionConfigurationPlatforms) = preSolution
		Debug|Any CPU = Debug|Any CPU
		Release|Any CPU = Release|Any CPU
	EndGlobalSection
	GlobalSection(ProjectConfigurationPlatforms) = postSolution
		{B6FE9A28-7829-439E-A25B-421DFFBAE958}.Debug|Any CPU.ActiveCfg = Debug|Any CPU
		{B6FE9A28-7829-439E-A25B-421DFFBAE958}.Debug|Any CPU.Build.0 = Debug|Any CPU
		{B6FE9A28-7829-439E-A25B-421DFFBAE958}.Release|Any CPU.ActiveCfg = Release|Any CPU
		{B6FE9A28-7829-439E-A25B-421DFFBAE958}.Release|Any CPU.Build.0 = Release|Any CPU
	EndGlobalSection
	GlobalSection(SolutionProperties) = preSolution
		HideSolutionNode = FALSE
	EndGlobalSection
	GlobalSection(ExtensibilityGlobals) = postSolution
		SolutionGuid = {FCBFBC52-4D93-4474-8E6C-12B1BF84C762}
	EndGlobalSection
EndGlobal
